// !$*UTF8*$!
{
	archiveVersion = 1;
	classes = {
	};
	objectVersion = 50;
	objects = {

/* Begin PBXBuildFile section */
		EFD0D480231522650049D3C2 /* AppDelegate.m in Sources */ = {isa = PBXBuildFile; fileRef = EFD0D47F231522650049D3C2 /* AppDelegate.m */; };
		EFD0D483231522650049D3C2 /* ViewController.m in Sources */ = {isa = PBXBuildFile; fileRef = EFD0D482231522650049D3C2 /* ViewController.m */; };
		EFD0D486231522650049D3C2 /* Main.storyboard in Resources */ = {isa = PBXBuildFile; fileRef = EFD0D484231522650049D3C2 /* Main.storyboard */; };
		EFD0D488231522650049D3C2 /* Assets.xcassets in Resources */ = {isa = PBXBuildFile; fileRef = EFD0D487231522650049D3C2 /* Assets.xcassets */; };
		EFD0D48B231522650049D3C2 /* LaunchScreen.storyboard in Resources */ = {isa = PBXBuildFile; fileRef = EFD0D489231522650049D3C2 /* LaunchScreen.storyboard */; };
		EFD0D48E231522650049D3C2 /* main.m in Sources */ = {isa = PBXBuildFile; fileRef = EFD0D48D231522650049D3C2 /* main.m */; };
		EFD0D498231522660049D3C2 /* RATreeDemoTests.m in Sources */ = {isa = PBXBuildFile; fileRef = EFD0D497231522660049D3C2 /* RATreeDemoTests.m */; };
		EFD0D4A3231522660049D3C2 /* RATreeDemoUITests.m in Sources */ = {isa = PBXBuildFile; fileRef = EFD0D4A2231522660049D3C2 /* RATreeDemoUITests.m */; };
		EFD0D4D1231524DC0049D3C2 /* RATreeView+TableViewDataSource.m in Sources */ = {isa = PBXBuildFile; fileRef = EFD0D4B5231524DC0049D3C2 /* RATreeView+TableViewDataSource.m */; };
		EFD0D4D2231524DC0049D3C2 /* RABatchChangeEntity.m in Sources */ = {isa = PBXBuildFile; fileRef = EFD0D4B7231524DC0049D3C2 /* RABatchChangeEntity.m */; };
		EFD0D4D3231524DC0049D3C2 /* RABatchChanges.m in Sources */ = {isa = PBXBuildFile; fileRef = EFD0D4BB231524DC0049D3C2 /* RABatchChanges.m */; };
		EFD0D4D4231524DC0049D3C2 /* RATreeView+Enums.m in Sources */ = {isa = PBXBuildFile; fileRef = EFD0D4BF231524DC0049D3C2 /* RATreeView+Enums.m */; };
		EFD0D4D5231524DC0049D3C2 /* RATreeNodeController.m in Sources */ = {isa = PBXBuildFile; fileRef = EFD0D4C0231524DC0049D3C2 /* RATreeNodeController.m */; };
		EFD0D4D6231524DC0049D3C2 /* RATreeView+RATreeNodeCollectionControllerDataSource.m in Sources */ = {isa = PBXBuildFile; fileRef = EFD0D4C1231524DC0049D3C2 /* RATreeView+RATreeNodeCollectionControllerDataSource.m */; };
		EFD0D4D7231524DC0049D3C2 /* RATreeNodeCollectionController.m in Sources */ = {isa = PBXBuildFile; fileRef = EFD0D4C3231524DC0049D3C2 /* RATreeNodeCollectionController.m */; };
		EFD0D4D8231524DC0049D3C2 /* RATreeView+TableViewDelegate.m in Sources */ = {isa = PBXBuildFile; fileRef = EFD0D4C5231524DC0049D3C2 /* RATreeView+TableViewDelegate.m */; };
		EFD0D4D9231524DC0049D3C2 /* RATreeNode.m in Sources */ = {isa = PBXBuildFile; fileRef = EFD0D4C6231524DC0049D3C2 /* RATreeNode.m */; };
		EFD0D4DA231524DC0049D3C2 /* RATreeView+Private.m in Sources */ = {isa = PBXBuildFile; fileRef = EFD0D4C9231524DC0049D3C2 /* RATreeView+Private.m */; };
		EFD0D4DB231524DD0049D3C2 /* RATreeNodeItem.m in Sources */ = {isa = PBXBuildFile; fileRef = EFD0D4CD231524DC0049D3C2 /* RATreeNodeItem.m */; };
		EFD0D4DC231524DD0049D3C2 /* RATableView.m in Sources */ = {isa = PBXBuildFile; fileRef = EFD0D4CE231524DC0049D3C2 /* RATableView.m */; };
		EFD0D4DD231524DD0049D3C2 /* RATreeNodeItem+Private.m in Sources */ = {isa = PBXBuildFile; fileRef = EFD0D4CF231524DC0049D3C2 /* RATreeNodeItem+Private.m */; };
		EFD0D4DE231524DD0049D3C2 /* RATreeView.m in Sources */ = {isa = PBXBuildFile; fileRef = EFD0D4D0231524DC0049D3C2 /* RATreeView.m */; };
		EFD0D4E0231525380049D3C2 /* NameCardsTest.plist in Resources */ = {isa = PBXBuildFile; fileRef = EFD0D4DF231525380049D3C2 /* NameCardsTest.plist */; };
		EFD0D4E8231525640049D3C2 /* NameCardTitleCell.m in Sources */ = {isa = PBXBuildFile; fileRef = EFD0D4E2231525640049D3C2 /* NameCardTitleCell.m */; };
		EFD0D4E9231525640049D3C2 /* PersonNameCell.m in Sources */ = {isa = PBXBuildFile; fileRef = EFD0D4E3231525640049D3C2 /* PersonNameCell.m */; };
		EFD0D4EA231525640049D3C2 /* PersonNameCell.xib in Resources */ = {isa = PBXBuildFile; fileRef = EFD0D4E4231525640049D3C2 /* PersonNameCell.xib */; };
		EFD0D4EB231525640049D3C2 /* NameCardTitleCell.xib in Resources */ = {isa = PBXBuildFile; fileRef = EFD0D4E7231525640049D3C2 /* NameCardTitleCell.xib */; };
		EFD0D4EF231525A40049D3C2 /* NameCardModel.m in Sources */ = {isa = PBXBuildFile; fileRef = EFD0D4ED231525A40049D3C2 /* NameCardModel.m */; };
/* End PBXBuildFile section */

/* Begin PBXContainerItemProxy section */
		EFD0D494231522660049D3C2 /* PBXContainerItemProxy */ = {
			isa = PBXContainerItemProxy;
			containerPortal = EFD0D473231522650049D3C2 /* Project object */;
			proxyType = 1;
			remoteGlobalIDString = EFD0D47A231522650049D3C2;
			remoteInfo = RATreeDemo;
		};
		EFD0D49F231522660049D3C2 /* PBXContainerItemProxy */ = {
			isa = PBXContainerItemProxy;
			containerPortal = EFD0D473231522650049D3C2 /* Project object */;
			proxyType = 1;
			remoteGlobalIDString = EFD0D47A231522650049D3C2;
			remoteInfo = RATreeDemo;
		};
/* End PBXContainerItemProxy section */

/* Begin PBXFileReference section */
		EFD0D47B231522650049D3C2 /* RATreeDemo.app */ = {isa = PBXFileReference; explicitFileType = wrapper.application; includeInIndex = 0; path = RATreeDemo.app; sourceTree = BUILT_PRODUCTS_DIR; };
		EFD0D47E231522650049D3C2 /* AppDelegate.h */ = {isa = PBXFileReference; lastKnownFileType = sourcecode.c.h; path = AppDelegate.h; sourceTree = "<group>"; };
		EFD0D47F231522650049D3C2 /* AppDelegate.m */ = {isa = PBXFileReference; lastKnownFileType = sourcecode.c.objc; path = AppDelegate.m; sourceTree = "<group>"; };
		EFD0D481231522650049D3C2 /* ViewController.h */ = {isa = PBXFileReference; lastKnownFileType = sourcecode.c.h; path = ViewController.h; sourceTree = "<group>"; };
		EFD0D482231522650049D3C2 /* ViewController.m */ = {isa = PBXFileReference; lastKnownFileType = sourcecode.c.objc; path = ViewController.m; sourceTree = "<group>"; };
		EFD0D485231522650049D3C2 /* Base */ = {isa = PBXFileReference; lastKnownFileType = file.storyboard; name = Base; path = Base.lproj/Main.storyboard; sourceTree = "<group>"; };
		EFD0D487231522650049D3C2 /* Assets.xcassets */ = {isa = PBXFileReference; lastKnownFileType = folder.assetcatalog; path = Assets.xcassets; sourceTree = "<group>"; };
		EFD0D48A231522650049D3C2 /* Base */ = {isa = PBXFileReference; lastKnownFileType = file.storyboard; name = Base; path = Base.lproj/LaunchScreen.storyboard; sourceTree = "<group>"; };
		EFD0D48C231522650049D3C2 /* Info.plist */ = {isa = PBXFileReference; lastKnownFileType = text.plist.xml; path = Info.plist; sourceTree = "<group>"; };
		EFD0D48D231522650049D3C2 /* main.m */ = {isa = PBXFileReference; lastKnownFileType = sourcecode.c.objc; path = main.m; sourceTree = "<group>"; };
		EFD0D493231522660049D3C2 /* RATreeDemoTests.xctest */ = {isa = PBXFileReference; explicitFileType = wrapper.cfbundle; includeInIndex = 0; path = RATreeDemoTests.xctest; sourceTree = BUILT_PRODUCTS_DIR; };
		EFD0D497231522660049D3C2 /* RATreeDemoTests.m */ = {isa = PBXFileReference; lastKnownFileType = sourcecode.c.objc; path = RATreeDemoTests.m; sourceTree = "<group>"; };
		EFD0D499231522660049D3C2 /* Info.plist */ = {isa = PBXFileReference; lastKnownFileType = text.plist.xml; path = Info.plist; sourceTree = "<group>"; };
		EFD0D49E231522660049D3C2 /* RATreeDemoUITests.xctest */ = {isa = PBXFileReference; explicitFileType = wrapper.cfbundle; includeInIndex = 0; path = RATreeDemoUITests.xctest; sourceTree = BUILT_PRODUCTS_DIR; };
		EFD0D4A2231522660049D3C2 /* RATreeDemoUITests.m */ = {isa = PBXFileReference; lastKnownFileType = sourcecode.c.objc; path = RATreeDemoUITests.m; sourceTree = "<group>"; };
		EFD0D4A4231522660049D3C2 /* Info.plist */ = {isa = PBXFileReference; lastKnownFileType = text.plist.xml; path = Info.plist; sourceTree = "<group>"; };
		EFD0D4B1231524DC0049D3C2 /* RATreeView.h */ = {isa = PBXFileReference; fileEncoding = 4; lastKnownFileType = sourcecode.c.h; path = RATreeView.h; sourceTree = "<group>"; };
		EFD0D4B3231524DC0049D3C2 /* RATreeView+TableViewDelegate.h */ = {isa = PBXFileReference; fileEncoding = 4; lastKnownFileType = sourcecode.c.h; path = "RATreeView+TableViewDelegate.h"; sourceTree = "<group>"; };
		EFD0D4B4231524DC0049D3C2 /* RATreeNodeCollectionController.h */ = {isa = PBXFileReference; fileEncoding = 4; lastKnownFileType = sourcecode.c.h; path = RATreeNodeCollectionController.h; sourceTree = "<group>"; };
		EFD0D4B5231524DC0049D3C2 /* RATreeView+TableViewDataSource.m */ = {isa = PBXFileReference; fileEncoding = 4; lastKnownFileType = sourcecode.c.objc; path = "RATreeView+TableViewDataSource.m"; sourceTree = "<group>"; };
		EFD0D4B6231524DC0049D3C2 /* RATreeView+RATreeNodeCollectionControllerDataSource.h */ = {isa = PBXFileReference; fileEncoding = 4; lastKnownFileType = sourcecode.c.h; path = "RATreeView+RATreeNodeCollectionControllerDataSource.h"; sourceTree = "<group>"; };
		EFD0D4B7231524DC0049D3C2 /* RABatchChangeEntity.m */ = {isa = PBXFileReference; fileEncoding = 4; lastKnownFileType = sourcecode.c.objc; path = RABatchChangeEntity.m; sourceTree = "<group>"; };
		EFD0D4B8231524DC0049D3C2 /* RATreeNode.h */ = {isa = PBXFileReference; fileEncoding = 4; lastKnownFileType = sourcecode.c.h; path = RATreeNode.h; sourceTree = "<group>"; };
		EFD0D4B9231524DC0049D3C2 /* RATreeView+Private.h */ = {isa = PBXFileReference; fileEncoding = 4; lastKnownFileType = sourcecode.c.h; path = "RATreeView+Private.h"; sourceTree = "<group>"; };
		EFD0D4BA231524DC0049D3C2 /* RATreeNode_ClassExtension.h */ = {isa = PBXFileReference; fileEncoding = 4; lastKnownFileType = sourcecode.c.h; path = RATreeNode_ClassExtension.h; sourceTree = "<group>"; };
		EFD0D4BB231524DC0049D3C2 /* RABatchChanges.m */ = {isa = PBXFileReference; fileEncoding = 4; lastKnownFileType = sourcecode.c.objc; path = RABatchChanges.m; sourceTree = "<group>"; };
		EFD0D4BC231524DC0049D3C2 /* RATreeNodeItem+Private.h */ = {isa = PBXFileReference; fileEncoding = 4; lastKnownFileType = sourcecode.c.h; path = "RATreeNodeItem+Private.h"; sourceTree = "<group>"; };
		EFD0D4BD231524DC0049D3C2 /* RATableView.h */ = {isa = PBXFileReference; fileEncoding = 4; lastKnownFileType = sourcecode.c.h; path = RATableView.h; sourceTree = "<group>"; };
		EFD0D4BE231524DC0049D3C2 /* RATreeNodeItem.h */ = {isa = PBXFileReference; fileEncoding = 4; lastKnownFileType = sourcecode.c.h; path = RATreeNodeItem.h; sourceTree = "<group>"; };
		EFD0D4BF231524DC0049D3C2 /* RATreeView+Enums.m */ = {isa = PBXFileReference; fileEncoding = 4; lastKnownFileType = sourcecode.c.objc; path = "RATreeView+Enums.m"; sourceTree = "<group>"; };
		EFD0D4C0231524DC0049D3C2 /* RATreeNodeController.m */ = {isa = PBXFileReference; fileEncoding = 4; lastKnownFileType = sourcecode.c.objc; path = RATreeNodeController.m; sourceTree = "<group>"; };
		EFD0D4C1231524DC0049D3C2 /* RATreeView+RATreeNodeCollectionControllerDataSource.m */ = {isa = PBXFileReference; fileEncoding = 4; lastKnownFileType = sourcecode.c.objc; path = "RATreeView+RATreeNodeCollectionControllerDataSource.m"; sourceTree = "<group>"; };
		EFD0D4C2231524DC0049D3C2 /* RATreeNodeItem+ClassExtension.h */ = {isa = PBXFileReference; fileEncoding = 4; lastKnownFileType = sourcecode.c.h; path = "RATreeNodeItem+ClassExtension.h"; sourceTree = "<group>"; };
		EFD0D4C3231524DC0049D3C2 /* RATreeNodeCollectionController.m */ = {isa = PBXFileReference; fileEncoding = 4; lastKnownFileType = sourcecode.c.objc; path = RATreeNodeCollectionController.m; sourceTree = "<group>"; };
		EFD0D4C4231524DC0049D3C2 /* RATreeView+TableViewDataSource.h */ = {isa = PBXFileReference; fileEncoding = 4; lastKnownFileType = sourcecode.c.h; path = "RATreeView+TableViewDataSource.h"; sourceTree = "<group>"; };
		EFD0D4C5231524DC0049D3C2 /* RATreeView+TableViewDelegate.m */ = {isa = PBXFileReference; fileEncoding = 4; lastKnownFileType = sourcecode.c.objc; path = "RATreeView+TableViewDelegate.m"; sourceTree = "<group>"; };
		EFD0D4C6231524DC0049D3C2 /* RATreeNode.m */ = {isa = PBXFileReference; fileEncoding = 4; lastKnownFileType = sourcecode.c.objc; path = RATreeNode.m; sourceTree = "<group>"; };
		EFD0D4C7231524DC0049D3C2 /* RABatchChangeEntity.h */ = {isa = PBXFileReference; fileEncoding = 4; lastKnownFileType = sourcecode.c.h; path = RABatchChangeEntity.h; sourceTree = "<group>"; };
		EFD0D4C8231524DC0049D3C2 /* RABatchChanges.h */ = {isa = PBXFileReference; fileEncoding = 4; lastKnownFileType = sourcecode.c.h; path = RABatchChanges.h; sourceTree = "<group>"; };
		EFD0D4C9231524DC0049D3C2 /* RATreeView+Private.m */ = {isa = PBXFileReference; fileEncoding = 4; lastKnownFileType = sourcecode.c.objc; path = "RATreeView+Private.m"; sourceTree = "<group>"; };
		EFD0D4CA231524DC0049D3C2 /* RATreeNodeController.h */ = {isa = PBXFileReference; fileEncoding = 4; lastKnownFileType = sourcecode.c.h; path = RATreeNodeController.h; sourceTree = "<group>"; };
		EFD0D4CB231524DC0049D3C2 /* RATreeView_ClassExtension.h */ = {isa = PBXFileReference; fileEncoding = 4; lastKnownFileType = sourcecode.c.h; path = RATreeView_ClassExtension.h; sourceTree = "<group>"; };
		EFD0D4CC231524DC0049D3C2 /* RATreeView+Enums.h */ = {isa = PBXFileReference; fileEncoding = 4; lastKnownFileType = sourcecode.c.h; path = "RATreeView+Enums.h"; sourceTree = "<group>"; };
		EFD0D4CD231524DC0049D3C2 /* RATreeNodeItem.m */ = {isa = PBXFileReference; fileEncoding = 4; lastKnownFileType = sourcecode.c.objc; path = RATreeNodeItem.m; sourceTree = "<group>"; };
		EFD0D4CE231524DC0049D3C2 /* RATableView.m */ = {isa = PBXFileReference; fileEncoding = 4; lastKnownFileType = sourcecode.c.objc; path = RATableView.m; sourceTree = "<group>"; };
		EFD0D4CF231524DC0049D3C2 /* RATreeNodeItem+Private.m */ = {isa = PBXFileReference; fileEncoding = 4; lastKnownFileType = sourcecode.c.objc; path = "RATreeNodeItem+Private.m"; sourceTree = "<group>"; };
		EFD0D4D0231524DC0049D3C2 /* RATreeView.m */ = {isa = PBXFileReference; fileEncoding = 4; lastKnownFileType = sourcecode.c.objc; path = RATreeView.m; sourceTree = "<group>"; };
		EFD0D4DF231525380049D3C2 /* NameCardsTest.plist */ = {isa = PBXFileReference; fileEncoding = 4; lastKnownFileType = text.plist.xml; path = NameCardsTest.plist; sourceTree = "<group>"; };
		EFD0D4E2231525640049D3C2 /* NameCardTitleCell.m */ = {isa = PBXFileReference; fileEncoding = 4; lastKnownFileType = sourcecode.c.objc; path = NameCardTitleCell.m; sourceTree = "<group>"; };
		EFD0D4E3231525640049D3C2 /* PersonNameCell.m */ = {isa = PBXFileReference; fileEncoding = 4; lastKnownFileType = sourcecode.c.objc; path = PersonNameCell.m; sourceTree = "<group>"; };
		EFD0D4E4231525640049D3C2 /* PersonNameCell.xib */ = {isa = PBXFileReference; fileEncoding = 4; lastKnownFileType = file.xib; path = PersonNameCell.xib; sourceTree = "<group>"; };
		EFD0D4E5231525640049D3C2 /* NameCardTitleCell.h */ = {isa = PBXFileReference; fileEncoding = 4; lastKnownFileType = sourcecode.c.h; path = NameCardTitleCell.h; sourceTree = "<group>"; };
		EFD0D4E6231525640049D3C2 /* PersonNameCell.h */ = {isa = PBXFileReference; fileEncoding = 4; lastKnownFileType = sourcecode.c.h; path = PersonNameCell.h; sourceTree = "<group>"; };
		EFD0D4E7231525640049D3C2 /* NameCardTitleCell.xib */ = {isa = PBXFileReference; fileEncoding = 4; lastKnownFileType = file.xib; path = NameCardTitleCell.xib; sourceTree = "<group>"; };
		EFD0D4ED231525A40049D3C2 /* NameCardModel.m */ = {isa = PBXFileReference; fileEncoding = 4; lastKnownFileType = sourcecode.c.objc; path = NameCardModel.m; sourceTree = "<group>"; };
		EFD0D4EE231525A40049D3C2 /* NameCardModel.h */ = {isa = PBXFileReference; fileEncoding = 4; lastKnownFileType = sourcecode.c.h; path = NameCardModel.h; sourceTree = "<group>"; };
/* End PBXFileReference section */

/* Begin PBXFrameworksBuildPhase section */
		EFD0D478231522650049D3C2 /* Frameworks */ = {
			isa = PBXFrameworksBuildPhase;
			buildActionMask = 2147483647;
			files = (
			);
			runOnlyForDeploymentPostprocessing = 0;
		};
		EFD0D490231522660049D3C2 /* Frameworks */ = {
			isa = PBXFrameworksBuildPhase;
			buildActionMask = 2147483647;
			files = (
			);
			runOnlyForDeploymentPostprocessing = 0;
		};
		EFD0D49B231522660049D3C2 /* Frameworks */ = {
			isa = PBXFrameworksBuildPhase;
			buildActionMask = 2147483647;
			files = (
			);
			runOnlyForDeploymentPostprocessing = 0;
		};
/* End PBXFrameworksBuildPhase section */

/* Begin PBXGroup section */
		EFD0D472231522650049D3C2 = {
			isa = PBXGroup;
			children = (
				EFD0D47D231522650049D3C2 /* RATreeDemo */,
				EFD0D496231522660049D3C2 /* RATreeDemoTests */,
				EFD0D4A1231522660049D3C2 /* RATreeDemoUITests */,
				EFD0D47C231522650049D3C2 /* Products */,
			);
			sourceTree = "<group>";
		};
		EFD0D47C231522650049D3C2 /* Products */ = {
			isa = PBXGroup;
			children = (
				EFD0D47B231522650049D3C2 /* RATreeDemo.app */,
				EFD0D493231522660049D3C2 /* RATreeDemoTests.xctest */,
				EFD0D49E231522660049D3C2 /* RATreeDemoUITests.xctest */,
			);
			name = Products;
			sourceTree = "<group>";
		};
		EFD0D47D231522650049D3C2 /* RATreeDemo */ = {
			isa = PBXGroup;
			children = (
				EFD0D4DF231525380049D3C2 /* NameCardsTest.plist */,
				EFD0D4B0231524DC0049D3C2 /* RATreeView */,
				EFD0D47E231522650049D3C2 /* AppDelegate.h */,
				EFD0D47F231522650049D3C2 /* AppDelegate.m */,
				EFD0D481231522650049D3C2 /* ViewController.h */,
				EFD0D482231522650049D3C2 /* ViewController.m */,
				EFD0D4EC231525A40049D3C2 /* NameCardModel */,
				EFD0D4E1231525640049D3C2 /* NameCardListView */,
				EFD0D484231522650049D3C2 /* Main.storyboard */,
				EFD0D487231522650049D3C2 /* Assets.xcassets */,
				EFD0D489231522650049D3C2 /* LaunchScreen.storyboard */,
				EFD0D48C231522650049D3C2 /* Info.plist */,
				EFD0D48D231522650049D3C2 /* main.m */,
			);
			path = RATreeDemo;
			sourceTree = "<group>";
		};
		EFD0D496231522660049D3C2 /* RATreeDemoTests */ = {
			isa = PBXGroup;
			children = (
				EFD0D497231522660049D3C2 /* RATreeDemoTests.m */,
				EFD0D499231522660049D3C2 /* Info.plist */,
			);
			path = RATreeDemoTests;
			sourceTree = "<group>";
		};
		EFD0D4A1231522660049D3C2 /* RATreeDemoUITests */ = {
			isa = PBXGroup;
			children = (
				EFD0D4A2231522660049D3C2 /* RATreeDemoUITests.m */,
				EFD0D4A4231522660049D3C2 /* Info.plist */,
			);
			path = RATreeDemoUITests;
			sourceTree = "<group>";
		};
		EFD0D4B0231524DC0049D3C2 /* RATreeView */ = {
			isa = PBXGroup;
			children = (
				EFD0D4B1231524DC0049D3C2 /* RATreeView.h */,
				EFD0D4B2231524DC0049D3C2 /* Private Files */,
				EFD0D4D0231524DC0049D3C2 /* RATreeView.m */,
			);
			path = RATreeView;
			sourceTree = "<group>";
		};
		EFD0D4B2231524DC0049D3C2 /* Private Files */ = {
			isa = PBXGroup;
			children = (
				EFD0D4B3231524DC0049D3C2 /* RATreeView+TableViewDelegate.h */,
				EFD0D4B4231524DC0049D3C2 /* RATreeNodeCollectionController.h */,
				EFD0D4B5231524DC0049D3C2 /* RATreeView+TableViewDataSource.m */,
				EFD0D4B6231524DC0049D3C2 /* RATreeView+RATreeNodeCollectionControllerDataSource.h */,
				EFD0D4B7231524DC0049D3C2 /* RABatchChangeEntity.m */,
				EFD0D4B8231524DC0049D3C2 /* RATreeNode.h */,
				EFD0D4B9231524DC0049D3C2 /* RATreeView+Private.h */,
				EFD0D4BA231524DC0049D3C2 /* RATreeNode_ClassExtension.h */,
				EFD0D4BB231524DC0049D3C2 /* RABatchChanges.m */,
				EFD0D4BC231524DC0049D3C2 /* RATreeNodeItem+Private.h */,
				EFD0D4BD231524DC0049D3C2 /* RATableView.h */,
				EFD0D4BE231524DC0049D3C2 /* RATreeNodeItem.h */,
				EFD0D4BF231524DC0049D3C2 /* RATreeView+Enums.m */,
				EFD0D4C0231524DC0049D3C2 /* RATreeNodeController.m */,
				EFD0D4C1231524DC0049D3C2 /* RATreeView+RATreeNodeCollectionControllerDataSource.m */,
				EFD0D4C2231524DC0049D3C2 /* RATreeNodeItem+ClassExtension.h */,
				EFD0D4C3231524DC0049D3C2 /* RATreeNodeCollectionController.m */,
				EFD0D4C4231524DC0049D3C2 /* RATreeView+TableViewDataSource.h */,
				EFD0D4C5231524DC0049D3C2 /* RATreeView+TableViewDelegate.m */,
				EFD0D4C6231524DC0049D3C2 /* RATreeNode.m */,
				EFD0D4C7231524DC0049D3C2 /* RABatchChangeEntity.h */,
				EFD0D4C8231524DC0049D3C2 /* RABatchChanges.h */,
				EFD0D4C9231524DC0049D3C2 /* RATreeView+Private.m */,
				EFD0D4CA231524DC0049D3C2 /* RATreeNodeController.h */,
				EFD0D4CB231524DC0049D3C2 /* RATreeView_ClassExtension.h */,
				EFD0D4CC231524DC0049D3C2 /* RATreeView+Enums.h */,
				EFD0D4CD231524DC0049D3C2 /* RATreeNodeItem.m */,
				EFD0D4CE231524DC0049D3C2 /* RATableView.m */,
				EFD0D4CF231524DC0049D3C2 /* RATreeNodeItem+Private.m */,
			);
			path = "Private Files";
			sourceTree = "<group>";
		};
		EFD0D4E1231525640049D3C2 /* NameCardListView */ = {
			isa = PBXGroup;
			children = (
				EFD0D4E6231525640049D3C2 /* PersonNameCell.h */,
				EFD0D4E3231525640049D3C2 /* PersonNameCell.m */,
				EFD0D4E4231525640049D3C2 /* PersonNameCell.xib */,
				EFD0D4E5231525640049D3C2 /* NameCardTitleCell.h */,
				EFD0D4E2231525640049D3C2 /* NameCardTitleCell.m */,
				EFD0D4E7231525640049D3C2 /* NameCardTitleCell.xib */,
			);
			path = NameCardListView;
			sourceTree = "<group>";
		};
		EFD0D4EC231525A40049D3C2 /* NameCardModel */ = {
			isa = PBXGroup;
			children = (
				EFD0D4ED231525A40049D3C2 /* NameCardModel.m */,
				EFD0D4EE231525A40049D3C2 /* NameCardModel.h */,
			);
			path = NameCardModel;
			sourceTree = "<group>";
		};
/* End PBXGroup section */

/* Begin PBXNativeTarget section */
		EFD0D47A231522650049D3C2 /* RATreeDemo */ = {
			isa = PBXNativeTarget;
			buildConfigurationList = EFD0D4A7231522660049D3C2 /* Build configuration list for PBXNativeTarget "RATreeDemo" */;
			buildPhases = (
				EFD0D477231522650049D3C2 /* Sources */,
				EFD0D478231522650049D3C2 /* Frameworks */,
				EFD0D479231522650049D3C2 /* Resources */,
			);
			buildRules = (
			);
			dependencies = (
			);
			name = RATreeDemo;
			productName = RATreeDemo;
			productReference = EFD0D47B231522650049D3C2 /* RATreeDemo.app */;
			productType = "com.apple.product-type.application";
		};
		EFD0D492231522660049D3C2 /* RATreeDemoTests */ = {
			isa = PBXNativeTarget;
			buildConfigurationList = EFD0D4AA231522660049D3C2 /* Build configuration list for PBXNativeTarget "RATreeDemoTests" */;
			buildPhases = (
				EFD0D48F231522660049D3C2 /* Sources */,
				EFD0D490231522660049D3C2 /* Frameworks */,
				EFD0D491231522660049D3C2 /* Resources */,
			);
			buildRules = (
			);
			dependencies = (
				EFD0D495231522660049D3C2 /* PBXTargetDependency */,
			);
			name = RATreeDemoTests;
			productName = RATreeDemoTests;
			productReference = EFD0D493231522660049D3C2 /* RATreeDemoTests.xctest */;
			productType = "com.apple.product-type.bundle.unit-test";
		};
		EFD0D49D231522660049D3C2 /* RATreeDemoUITests */ = {
			isa = PBXNativeTarget;
			buildConfigurationList = EFD0D4AD231522660049D3C2 /* Build configuration list for PBXNativeTarget "RATreeDemoUITests" */;
			buildPhases = (
				EFD0D49A231522660049D3C2 /* Sources */,
				EFD0D49B231522660049D3C2 /* Frameworks */,
				EFD0D49C231522660049D3C2 /* Resources */,
			);
			buildRules = (
			);
			dependencies = (
				EFD0D4A0231522660049D3C2 /* PBXTargetDependency */,
			);
			name = RATreeDemoUITests;
			productName = RATreeDemoUITests;
			productReference = EFD0D49E231522660049D3C2 /* RATreeDemoUITests.xctest */;
			productType = "com.apple.product-type.bundle.ui-testing";
		};
/* End PBXNativeTarget section */

/* Begin PBXProject section */
		EFD0D473231522650049D3C2 /* Project object */ = {
			isa = PBXProject;
			attributes = {
				LastUpgradeCheck = 1010;
				ORGANIZATIONNAME = WIndFate;
				TargetAttributes = {
					EFD0D47A231522650049D3C2 = {
						CreatedOnToolsVersion = 10.1;
					};
					EFD0D492231522660049D3C2 = {
						CreatedOnToolsVersion = 10.1;
						TestTargetID = EFD0D47A231522650049D3C2;
					};
					EFD0D49D231522660049D3C2 = {
						CreatedOnToolsVersion = 10.1;
						TestTargetID = EFD0D47A231522650049D3C2;
					};
				};
			};
			buildConfigurationList = EFD0D476231522650049D3C2 /* Build configuration list for PBXProject "RATreeDemo" */;
			compatibilityVersion = "Xcode 9.3";
			developmentRegion = en;
			hasScannedForEncodings = 0;
			knownRegions = (
				en,
				Base,
			);
			mainGroup = EFD0D472231522650049D3C2;
			productRefGroup = EFD0D47C231522650049D3C2 /* Products */;
			projectDirPath = "";
			projectRoot = "";
			targets = (
				EFD0D47A231522650049D3C2 /* RATreeDemo */,
				EFD0D492231522660049D3C2 /* RATreeDemoTests */,
				EFD0D49D231522660049D3C2 /* RATreeDemoUITests */,
			);
		};
/* End PBXProject section */

/* Begin PBXResourcesBuildPhase section */
		EFD0D479231522650049D3C2 /* Resources */ = {
			isa = PBXResourcesBuildPhase;
			buildActionMask = 2147483647;
			files = (
				EFD0D48B231522650049D3C2 /* LaunchScreen.storyboard in Resources */,
				EFD0D4EA231525640049D3C2 /* PersonNameCell.xib in Resources */,
				EFD0D488231522650049D3C2 /* Assets.xcassets in Resources */,
				EFD0D4EB231525640049D3C2 /* NameCardTitleCell.xib in Resources */,
				EFD0D486231522650049D3C2 /* Main.storyboard in Resources */,
				EFD0D4E0231525380049D3C2 /* NameCardsTest.plist in Resources */,
			);
			runOnlyForDeploymentPostprocessing = 0;
		};
		EFD0D491231522660049D3C2 /* Resources */ = {
			isa = PBXResourcesBuildPhase;
			buildActionMask = 2147483647;
			files = (
			);
			runOnlyForDeploymentPostprocessing = 0;
		};
		EFD0D49C231522660049D3C2 /* Resources */ = {
			isa = PBXResourcesBuildPhase;
			buildActionMask = 2147483647;
			files = (
			);
			runOnlyForDeploymentPostprocessing = 0;
		};
/* End PBXResourcesBuildPhase section */

/* Begin PBXSourcesBuildPhase section */
		EFD0D477231522650049D3C2 /* Sources */ = {
			isa = PBXSourcesBuildPhase;
			buildActionMask = 2147483647;
			files = (
				EFD0D4D6231524DC0049D3C2 /* RATreeView+RATreeNodeCollectionControllerDataSource.m in Sources */,
				EFD0D4DD231524DD0049D3C2 /* RATreeNodeItem+Private.m in Sources */,
				EFD0D4EF231525A40049D3C2 /* NameCardModel.m in Sources */,
				EFD0D4D4231524DC0049D3C2 /* RATreeView+Enums.m in Sources */,
				EFD0D4E9231525640049D3C2 /* PersonNameCell.m in Sources */,
				EFD0D4DA231524DC0049D3C2 /* RATreeView+Private.m in Sources */,
				EFD0D4DB231524DD0049D3C2 /* RATreeNodeItem.m in Sources */,
				EFD0D4D2231524DC0049D3C2 /* RABatchChangeEntity.m in Sources */,
				EFD0D4D8231524DC0049D3C2 /* RATreeView+TableViewDelegate.m in Sources */,
				EFD0D4D9231524DC0049D3C2 /* RATreeNode.m in Sources */,
				EFD0D4D3231524DC0049D3C2 /* RABatchChanges.m in Sources */,
				EFD0D4E8231525640049D3C2 /* NameCardTitleCell.m in Sources */,
				EFD0D4D1231524DC0049D3C2 /* RATreeView+TableViewDataSource.m in Sources */,
				EFD0D4DE231524DD0049D3C2 /* RATreeView.m in Sources */,
				EFD0D483231522650049D3C2 /* ViewController.m in Sources */,
				EFD0D4D7231524DC0049D3C2 /* RATreeNodeCollectionController.m in Sources */,
				EFD0D48E231522650049D3C2 /* main.m in Sources */,
				EFD0D4DC231524DD0049D3C2 /* RATableView.m in Sources */,
				EFD0D4D5231524DC0049D3C2 /* RATreeNodeController.m in Sources */,
				EFD0D480231522650049D3C2 /* AppDelegate.m in Sources */,
			);
			runOnlyForDeploymentPostprocessing = 0;
		};
		EFD0D48F231522660049D3C2 /* Sources */ = {
			isa = PBXSourcesBuildPhase;
			buildActionMask = 2147483647;
			files = (
				EFD0D498231522660049D3C2 /* RATreeDemoTests.m in Sources */,
			);
			runOnlyForDeploymentPostprocessing = 0;
		};
		EFD0D49A231522660049D3C2 /* Sources */ = {
			isa = PBXSourcesBuildPhase;
			buildActionMask = 2147483647;
			files = (
				EFD0D4A3231522660049D3C2 /* RATreeDemoUITests.m in Sources */,
			);
			runOnlyForDeploymentPostprocessing = 0;
		};
/* End PBXSourcesBuildPhase section */

/* Begin PBXTargetDependency section */
		EFD0D495231522660049D3C2 /* PBXTargetDependency */ = {
			isa = PBXTargetDependency;
			target = EFD0D47A231522650049D3C2 /* RATreeDemo */;
			targetProxy = EFD0D494231522660049D3C2 /* PBXContainerItemProxy */;
		};
		EFD0D4A0231522660049D3C2 /* PBXTargetDependency */ = {
			isa = PBXTargetDependency;
			target = EFD0D47A231522650049D3C2 /* RATreeDemo */;
			targetProxy = EFD0D49F231522660049D3C2 /* PBXContainerItemProxy */;
		};
/* End PBXTargetDependency section */

/* Begin PBXVariantGroup section */
		EFD0D484231522650049D3C2 /* Main.storyboard */ = {
			isa = PBXVariantGroup;
			children = (
				EFD0D485231522650049D3C2 /* Base */,
			);
			name = Main.storyboard;
			sourceTree = "<group>";
		};
		EFD0D489231522650049D3C2 /* LaunchScreen.storyboard */ = {
			isa = PBXVariantGroup;
			children = (
				EFD0D48A231522650049D3C2 /* Base */,
			);
			name = LaunchScreen.storyboard;
			sourceTree = "<group>";
		};
/* End PBXVariantGroup section */

/* Begin XCBuildConfiguration section */
		EFD0D4A5231522660049D3C2 /* Debug */ = {
			isa = XCBuildConfiguration;
			buildSettings = {
				ALWAYS_SEARCH_USER_PATHS = NO;
				CLANG_ANALYZER_NONNULL = YES;
				CLANG_ANALYZER_NUMBER_OBJECT_CONVERSION = YES_AGGRESSIVE;
				CLANG_CXX_LANGUAGE_STANDARD = "gnu++14";
				CLANG_CXX_LIBRARY = "libc++";
				CLANG_ENABLE_MODULES = YES;
				CLANG_ENABLE_OBJC_ARC = YES;
				CLANG_ENABLE_OBJC_WEAK = YES;
				CLANG_WARN_BLOCK_CAPTURE_AUTORELEASING = YES;
				CLANG_WARN_BOOL_CONVERSION = YES;
				CLANG_WARN_COMMA = YES;
				CLANG_WARN_CONSTANT_CONVERSION = YES;
				CLANG_WARN_DEPRECATED_OBJC_IMPLEMENTATIONS = YES;
				CLANG_WARN_DIRECT_OBJC_ISA_USAGE = YES_ERROR;
				CLANG_WARN_DOCUMENTATION_COMMENTS = YES;
				CLANG_WARN_EMPTY_BODY = YES;
				CLANG_WARN_ENUM_CONVERSION = YES;
				CLANG_WARN_INFINITE_RECURSION = YES;
				CLANG_WARN_INT_CONVERSION = YES;
				CLANG_WARN_NON_LITERAL_NULL_CONVERSION = YES;
				CLANG_WARN_OBJC_IMPLICIT_RETAIN_SELF = YES;
				CLANG_WARN_OBJC_LITERAL_CONVERSION = YES;
				CLANG_WARN_OBJC_ROOT_CLASS = YES_ERROR;
				CLANG_WARN_RANGE_LOOP_ANALYSIS = YES;
				CLANG_WARN_STRICT_PROTOTYPES = YES;
				CLANG_WARN_SUSPICIOUS_MOVE = YES;
				CLANG_WARN_UNGUARDED_AVAILABILITY = YES_AGGRESSIVE;
				CLANG_WARN_UNREACHABLE_CODE = YES;
				CLANG_WARN__DUPLICATE_METHOD_MATCH = YES;
				CODE_SIGN_IDENTITY = "iPhone Developer";
				COPY_PHASE_STRIP = NO;
				DEBUG_INFORMATION_FORMAT = dwarf;
				ENABLE_STRICT_OBJC_MSGSEND = YES;
				ENABLE_TESTABILITY = YES;
				GCC_C_LANGUAGE_STANDARD = gnu11;
				GCC_DYNAMIC_NO_PIC = NO;
				GCC_NO_COMMON_BLOCKS = YES;
				GCC_OPTIMIZATION_LEVEL = 0;
				GCC_PREPROCESSOR_DEFINITIONS = (
					"DEBUG=1",
					"$(inherited)",
				);
				GCC_WARN_64_TO_32_BIT_CONVERSION = YES;
				GCC_WARN_ABOUT_RETURN_TYPE = YES_ERROR;
				GCC_WARN_UNDECLARED_SELECTOR = YES;
				GCC_WARN_UNINITIALIZED_AUTOS = YES_AGGRESSIVE;
				GCC_WARN_UNUSED_FUNCTION = YES;
				GCC_WARN_UNUSED_VARIABLE = YES;
				IPHONEOS_DEPLOYMENT_TARGET = 12.1;
				MTL_ENABLE_DEBUG_INFO = INCLUDE_SOURCE;
				MTL_FAST_MATH = YES;
				ONLY_ACTIVE_ARCH = YES;
				SDKROOT = iphoneos;
			};
			name = Debug;
		};
		EFD0D4A6231522660049D3C2 /* Release */ = {
			isa = XCBuildConfiguration;
			buildSettings = {
				ALWAYS_SEARCH_USER_PATHS = NO;
				CLANG_ANALYZER_NONNULL = YES;
				CLANG_ANALYZER_NUMBER_OBJECT_CONVERSION = YES_AGGRESSIVE;
				CLANG_CXX_LANGUAGE_STANDARD = "gnu++14";
				CLANG_CXX_LIBRARY = "libc++";
				CLANG_ENABLE_MODULES = YES;
				CLANG_ENABLE_OBJC_ARC = YES;
				CLANG_ENABLE_OBJC_WEAK = YES;
				CLANG_WARN_BLOCK_CAPTURE_AUTORELEASING = YES;
				CLANG_WARN_BOOL_CONVERSION = YES;
				CLANG_WARN_COMMA = YES;
				CLANG_WARN_CONSTANT_CONVERSION = YES;
				CLANG_WARN_DEPRECATED_OBJC_IMPLEMENTATIONS = YES;
				CLANG_WARN_DIRECT_OBJC_ISA_USAGE = YES_ERROR;
				CLANG_WARN_DOCUMENTATION_COMMENTS = YES;
				CLANG_WARN_EMPTY_BODY = YES;
				CLANG_WARN_ENUM_CONVERSION = YES;
				CLANG_WARN_INFINITE_RECURSION = YES;
				CLANG_WARN_INT_CONVERSION = YES;
				CLANG_WARN_NON_LITERAL_NULL_CONVERSION = YES;
				CLANG_WARN_OBJC_IMPLICIT_RETAIN_SELF = YES;
				CLANG_WARN_OBJC_LITERAL_CONVERSION = YES;
				CLANG_WARN_OBJC_ROOT_CLASS = YES_ERROR;
				CLANG_WARN_RANGE_LOOP_ANALYSIS = YES;
				CLANG_WARN_STRICT_PROTOTYPES = YES;
				CLANG_WARN_SUSPICIOUS_MOVE = YES;
				CLANG_WARN_UNGUARDED_AVAILABILITY = YES_AGGRESSIVE;
				CLANG_WARN_UNREACHABLE_CODE = YES;
				CLANG_WARN__DUPLICATE_METHOD_MATCH = YES;
				CODE_SIGN_IDENTITY = "iPhone Developer";
				COPY_PHASE_STRIP = NO;
				DEBUG_INFORMATION_FORMAT = "dwarf-with-dsym";
				ENABLE_NS_ASSERTIONS = NO;
				ENABLE_STRICT_OBJC_MSGSEND = YES;
				GCC_C_LANGUAGE_STANDARD = gnu11;
				GCC_NO_COMMON_BLOCKS = YES;
				GCC_WARN_64_TO_32_BIT_CONVERSION = YES;
				GCC_WARN_ABOUT_RETURN_TYPE = YES_ERROR;
				GCC_WARN_UNDECLARED_SELECTOR = YES;
				GCC_WARN_UNINITIALIZED_AUTOS = YES_AGGRESSIVE;
				GCC_WARN_UNUSED_FUNCTION = YES;
				GCC_WARN_UNUSED_VARIABLE = YES;
				IPHONEOS_DEPLOYMENT_TARGET = 12.1;
				MTL_ENABLE_DEBUG_INFO = NO;
				MTL_FAST_MATH = YES;
				SDKROOT = iphoneos;
				VALIDATE_PRODUCT = YES;
			};
			name = Release;
		};
		EFD0D4A8231522660049D3C2 /* Debug */ = {
			isa = XCBuildConfiguration;
			buildSettings = {
				ASSETCATALOG_COMPILER_APPICON_NAME = AppIcon;
				CODE_SIGN_STYLE = Automatic;
				DEVELOPMENT_TEAM = ATXY5D7FXF;
				INFOPLIST_FILE = RATreeDemo/Info.plist;
				LD_RUNPATH_SEARCH_PATHS = (
					"$(inherited)",
					"@executable_path/Frameworks",
				);
				PRODUCT_BUNDLE_IDENTIFIER = WIndFate.RATreeDemo;
				PRODUCT_NAME = "$(TARGET_NAME)";
				TARGETED_DEVICE_FAMILY = "1,2";
			};
			name = Debug;
		};
		EFD0D4A9231522660049D3C2 /* Release */ = {
			isa = XCBuildConfiguration;
			buildSettings = {
				ASSETCATALOG_COMPILER_APPICON_NAME = AppIcon;
				CODE_SIGN_STYLE = Automatic;
				DEVELOPMENT_TEAM = ATXY5D7FXF;
				INFOPLIST_FILE = RATreeDemo/Info.plist;
				LD_RUNPATH_SEARCH_PATHS = (
					"$(inherited)",
					"@executable_path/Frameworks",
				);
				PRODUCT_BUNDLE_IDENTIFIER = WIndFate.RATreeDemo;
				PRODUCT_NAME = "$(TARGET_NAME)";
				TARGETED_DEVICE_FAMILY = "1,2";
			};
			name = Release;
		};
		EFD0D4AB231522660049D3C2 /* Debug */ = {
			isa = XCBuildConfiguration;
			buildSettings = {
				BUNDLE_LOADER = "$(TEST_HOST)";
				CODE_SIGN_STYLE = Automatic;
				DEVELOPMENT_TEAM = ATXY5D7FXF;
				INFOPLIST_FILE = RATreeDemoTests/Info.plist;
				LD_RUNPATH_SEARCH_PATHS = (
					"$(inherited)",
					"@executable_path/Frameworks",
					"@loader_path/Frameworks",
				);
				PRODUCT_BUNDLE_IDENTIFIER = WIndFate.RATreeDemoTests;
				PRODUCT_NAME = "$(TARGET_NAME)";
				TARGETED_DEVICE_FAMILY = "1,2";
				TEST_HOST = "$(BUILT_PRODUCTS_DIR)/RATreeDemo.app/RATreeDemo";
			};
			name = Debug;
		};
		EFD0D4AC231522660049D3C2 /* Release */ = {
			isa = XCBuildConfiguration;
			buildSettings = {
				BUNDLE_LOADER = "$(TEST_HOST)";
				CODE_SIGN_STYLE = Automatic;
				DEVELOPMENT_TEAM = ATXY5D7FXF;
				INFOPLIST_FILE = RATreeDemoTests/Info.plist;
				LD_RUNPATH_SEARCH_PATHS = (
					"$(inherited)",
					"@executable_path/Frameworks",
					"@loader_path/Frameworks",
				);
				PRODUCT_BUNDLE_IDENTIFIER = WIndFate.RATreeDemoTests;
				PRODUCT_NAME = "$(TARGET_NAME)";
				TARGETED_DEVICE_FAMILY = "1,2";
				TEST_HOST = "$(BUILT_PRODUCTS_DIR)/RATreeDemo.app/RATreeDemo";
			};
			name = Release;
		};
		EFD0D4AE231522660049D3C2 /* Debug */ = {
			isa = XCBuildConfiguration;
			buildSettings = {
				CODE_SIGN_STYLE = Automatic;
				DEVELOPMENT_TEAM = ATXY5D7FXF;
				INFOPLIST_FILE = RATreeDemoUITests/Info.plist;
				LD_RUNPATH_SEARCH_PATHS = (
					"$(inherited)",
					"@executable_path/Frameworks",
					"@loader_path/Frameworks",
				);
				PRODUCT_BUNDLE_IDENTIFIER = WIndFate.RATreeDemoUITests;
				PRODUCT_NAME = "$(TARGET_NAME)";
				TARGETED_DEVICE_FAMILY = "1,2";
				TEST_TARGET_NAME = RATreeDemo;
			};
			name = Debug;
		};
		EFD0D4AF231522660049D3C2 /* Release */ = {
			isa = XCBuildConfiguration;
			buildSettings = {
				CODE_SIGN_STYLE = Automatic;
				DEVELOPMENT_TEAM = ATXY5D7FXF;
				INFOPLIST_FILE = RATreeDemoUITests/Info.plist;
				LD_RUNPATH_SEARCH_PATHS = (
					"$(inherited)",
					"@executable_path/Frameworks",
					"@loader_path/Frameworks",
				);
				PRODUCT_BUNDLE_IDENTIFIER = WIndFate.RATreeDemoUITests;
				PRODUCT_NAME = "$(TARGET_NAME)";
				TARGETED_DEVICE_FAMILY = "1,2";
				TEST_TARGET_NAME = RATreeDemo;
			};
			name = Release;
		};
/* End XCBuildConfiguration section */

/* Begin XCConfigurationList section */
		EFD0D476231522650049D3C2 /* Build configuration list for PBXProject "RATreeDemo" */ = {
			isa = XCConfigurationList;
			buildConfigurations = (
				EFD0D4A5231522660049D3C2 /* Debug */,
				EFD0D4A6231522660049D3C2 /* Release */,
			);
			defaultConfigurationIsVisible = 0;
			defaultConfigurationName = Release;
		};
		EFD0D4A7231522660049D3C2 /* Build configuration list for PBXNativeTarget "RATreeDemo" */ = {
			isa = XCConfigurationList;
			buildConfigurations = (
				EFD0D4A8231522660049D3C2 /* Debug */,
				EFD0D4A9231522660049D3C2 /* Release */,
			);
			defaultConfigurationIsVisible = 0;
			defaultConfigurationName = Release;
		};
		EFD0D4AA231522660049D3C2 /* Build configuration list for PBXNativeTarget "RATreeDemoTests" */ = {
			isa = XCConfigurationList;
			buildConfigurations = (
				EFD0D4AB231522660049D3C2 /* Debug */,
				EFD0D4AC231522660049D3C2 /* Release */,
			);
			defaultConfigurationIsVisible = 0;
			defaultConfigurationName = Release;
		};
		EFD0D4AD231522660049D3C2 /* Build configuration list for PBXNativeTarget "RATreeDemoUITests" */ = {
			isa = XCConfigurationList;
			buildConfigurations = (
				EFD0D4AE231522660049D3C2 /* Debug */,
				EFD0D4AF231522660049D3C2 /* Release */,
			);
			defaultConfigurationIsVisible = 0;
			defaultConfigurationName = Release;
		};
/* End XCConfigurationList section */
	};
	rootObject = EFD0D473231522650049D3C2 /* Project object */;
}
